// !$*UTF8*$!
{
	archiveVersion = 1;
	classes = {
	};
	objectVersion = 50;
	objects = {

/* Begin PBXBuildFile section */
		521E5FAD2661118A0040ED72 /* AppDelegate.swift in Sources */ = {isa = PBXBuildFile; fileRef = 521E5FAC2661118A0040ED72 /* AppDelegate.swift */; };
		521E5FAF2661118A0040ED72 /* SceneDelegate.swift in Sources */ = {isa = PBXBuildFile; fileRef = 521E5FAE2661118A0040ED72 /* SceneDelegate.swift */; };
		521E5FB12661118A0040ED72 /* ViewController.swift in Sources */ = {isa = PBXBuildFile; fileRef = 521E5FB02661118A0040ED72 /* ViewController.swift */; };
		521E5FB42661118A0040ED72 /* Main.storyboard in Resources */ = {isa = PBXBuildFile; fileRef = 521E5FB22661118A0040ED72 /* Main.storyboard */; };
		521E5FB62661118E0040ED72 /* Assets.xcassets in Resources */ = {isa = PBXBuildFile; fileRef = 521E5FB52661118E0040ED72 /* Assets.xcassets */; };
		521E5FB92661118E0040ED72 /* LaunchScreen.storyboard in Resources */ = {isa = PBXBuildFile; fileRef = 521E5FB72661118E0040ED72 /* LaunchScreen.storyboard */; };
		521E5FC6266112250040ED72 /* MainTabBarController.swift in Sources */ = {isa = PBXBuildFile; fileRef = 521E5FC5266112250040ED72 /* MainTabBarController.swift */; };
		521E5FCA266112410040ED72 /* AppCoordinator.swift in Sources */ = {isa = PBXBuildFile; fileRef = 521E5FC9266112410040ED72 /* AppCoordinator.swift */; };
		521E5FCD266115860040ED72 /* ActivityViewController.swift in Sources */ = {isa = PBXBuildFile; fileRef = 521E5FCC266115860040ED72 /* ActivityViewController.swift */; };
		521E5FD0266115C40040ED72 /* SettingsViewController.swift in Sources */ = {isa = PBXBuildFile; fileRef = 521E5FCF266115C40040ED72 /* SettingsViewController.swift */; };
		521E5FD3266115E60040ED72 /* PlanViewController.swift in Sources */ = {isa = PBXBuildFile; fileRef = 521E5FD2266115E60040ED72 /* PlanViewController.swift */; };
		521E5FD6266115F20040ED72 /* ProfileViewController.swift in Sources */ = {isa = PBXBuildFile; fileRef = 521E5FD5266115F20040ED72 /* ProfileViewController.swift */; };
/* End PBXBuildFile section */

/* Begin PBXFileReference section */
		521E5FA92661118A0040ED72 /* FitnessApp.app */ = {isa = PBXFileReference; explicitFileType = wrapper.application; includeInIndex = 0; path = FitnessApp.app; sourceTree = BUILT_PRODUCTS_DIR; };
		521E5FAC2661118A0040ED72 /* AppDelegate.swift */ = {isa = PBXFileReference; lastKnownFileType = sourcecode.swift; path = AppDelegate.swift; sourceTree = "<group>"; };
		521E5FAE2661118A0040ED72 /* SceneDelegate.swift */ = {isa = PBXFileReference; lastKnownFileType = sourcecode.swift; path = SceneDelegate.swift; sourceTree = "<group>"; };
		521E5FB02661118A0040ED72 /* ViewController.swift */ = {isa = PBXFileReference; lastKnownFileType = sourcecode.swift; path = ViewController.swift; sourceTree = "<group>"; };
		521E5FB32661118A0040ED72 /* Base */ = {isa = PBXFileReference; lastKnownFileType = file.storyboard; name = Base; path = Base.lproj/Main.storyboard; sourceTree = "<group>"; };
		521E5FB52661118E0040ED72 /* Assets.xcassets */ = {isa = PBXFileReference; lastKnownFileType = folder.assetcatalog; path = Assets.xcassets; sourceTree = "<group>"; };
		521E5FB82661118E0040ED72 /* Base */ = {isa = PBXFileReference; lastKnownFileType = file.storyboard; name = Base; path = Base.lproj/LaunchScreen.storyboard; sourceTree = "<group>"; };
		521E5FBA2661118E0040ED72 /* Info.plist */ = {isa = PBXFileReference; lastKnownFileType = text.plist.xml; path = Info.plist; sourceTree = "<group>"; };
		521E5FC5266112250040ED72 /* MainTabBarController.swift */ = {isa = PBXFileReference; lastKnownFileType = sourcecode.swift; path = MainTabBarController.swift; sourceTree = "<group>"; };
		521E5FC9266112410040ED72 /* AppCoordinator.swift */ = {isa = PBXFileReference; lastKnownFileType = sourcecode.swift; path = AppCoordinator.swift; sourceTree = "<group>"; };
		521E5FCC266115860040ED72 /* ActivityViewController.swift */ = {isa = PBXFileReference; lastKnownFileType = sourcecode.swift; path = ActivityViewController.swift; sourceTree = "<group>"; };
		521E5FCF266115C40040ED72 /* SettingsViewController.swift */ = {isa = PBXFileReference; lastKnownFileType = sourcecode.swift; path = SettingsViewController.swift; sourceTree = "<group>"; };
		521E5FD2266115E60040ED72 /* PlanViewController.swift */ = {isa = PBXFileReference; lastKnownFileType = sourcecode.swift; path = PlanViewController.swift; sourceTree = "<group>"; };
		521E5FD5266115F20040ED72 /* ProfileViewController.swift */ = {isa = PBXFileReference; lastKnownFileType = sourcecode.swift; path = ProfileViewController.swift; sourceTree = "<group>"; };
/* End PBXFileReference section */

/* Begin PBXFrameworksBuildPhase section */
		521E5FA62661118A0040ED72 /* Frameworks */ = {
			isa = PBXFrameworksBuildPhase;
			buildActionMask = 2147483647;
			files = (
			);
			runOnlyForDeploymentPostprocessing = 0;
		};
/* End PBXFrameworksBuildPhase section */

/* Begin PBXGroup section */
		521E5FA02661118A0040ED72 = {
			isa = PBXGroup;
			children = (
				521E5FAB2661118A0040ED72 /* FitnessApp */,
				521E5FAA2661118A0040ED72 /* Products */,
			);
			sourceTree = "<group>";
		};
		521E5FAA2661118A0040ED72 /* Products */ = {
			isa = PBXGroup;
			children = (
				521E5FA92661118A0040ED72 /* FitnessApp.app */,
			);
			name = Products;
			sourceTree = "<group>";
		};
		521E5FAB2661118A0040ED72 /* FitnessApp */ = {
			isa = PBXGroup;
			children = (
				521E5FAC2661118A0040ED72 /* AppDelegate.swift */,
				521E5FAE2661118A0040ED72 /* SceneDelegate.swift */,
				521E5FB02661118A0040ED72 /* ViewController.swift */,
				521E5FC3266111F70040ED72 /* Views */,
				521E5FC2266111EC0040ED72 /* ViewModels */,
				521E5FC1266111E50040ED72 /* Controllers */,
				521E5FC4266111FC0040ED72 /* Coordinators */,
				521E5FB22661118A0040ED72 /* Main.storyboard */,
				521E5FB52661118E0040ED72 /* Assets.xcassets */,
				521E5FB72661118E0040ED72 /* LaunchScreen.storyboard */,
				521E5FBA2661118E0040ED72 /* Info.plist */,
			);
			path = FitnessApp;
			sourceTree = "<group>";
		};
		521E5FC1266111E50040ED72 /* Controllers */ = {
			isa = PBXGroup;
			children = (
				521E5FC5266112250040ED72 /* MainTabBarController.swift */,
				521E5FCC266115860040ED72 /* ActivityViewController.swift */,
				521E5FD2266115E60040ED72 /* PlanViewController.swift */,
				521E5FD5266115F20040ED72 /* ProfileViewController.swift */,
				521E5FCF266115C40040ED72 /* SettingsViewController.swift */,
			);
			name = Controllers;
			sourceTree = "<group>";
		};
		521E5FC2266111EC0040ED72 /* ViewModels */ = {
			isa = PBXGroup;
			children = (
			);
			name = ViewModels;
			sourceTree = "<group>";
		};
		521E5FC3266111F70040ED72 /* Views */ = {
			isa = PBXGroup;
			children = (
			);
			name = Views;
			sourceTree = "<group>";
		};
		521E5FC4266111FC0040ED72 /* Coordinators */ = {
			isa = PBXGroup;
			children = (
				521E5FC9266112410040ED72 /* AppCoordinator.swift */,
			);
			name = Coordinators;
			sourceTree = "<group>";
		};
/* End PBXGroup section */

/* Begin PBXNativeTarget section */
		521E5FA82661118A0040ED72 /* FitnessApp */ = {
			isa = PBXNativeTarget;
			buildConfigurationList = 521E5FBD2661118E0040ED72 /* Build configuration list for PBXNativeTarget "FitnessApp" */;
			buildPhases = (
				521E5FA52661118A0040ED72 /* Sources */,
				521E5FA62661118A0040ED72 /* Frameworks */,
				521E5FA72661118A0040ED72 /* Resources */,
			);
			buildRules = (
			);
			dependencies = (
			);
			name = FitnessApp;
			productName = FitnessApp;
			productReference = 521E5FA92661118A0040ED72 /* FitnessApp.app */;
			productType = "com.apple.product-type.application";
		};
/* End PBXNativeTarget section */

/* Begin PBXProject section */
		521E5FA12661118A0040ED72 /* Project object */ = {
			isa = PBXProject;
			attributes = {
				LastSwiftUpdateCheck = 1240;
				LastUpgradeCheck = 1240;
				TargetAttributes = {
					521E5FA82661118A0040ED72 = {
						CreatedOnToolsVersion = 12.4;
					};
				};
			};
			buildConfigurationList = 521E5FA42661118A0040ED72 /* Build configuration list for PBXProject "FitnessApp" */;
			compatibilityVersion = "Xcode 9.3";
			developmentRegion = en;
			hasScannedForEncodings = 0;
			knownRegions = (
				en,
				Base,
			);
			mainGroup = 521E5FA02661118A0040ED72;
			productRefGroup = 521E5FAA2661118A0040ED72 /* Products */;
			projectDirPath = "";
			projectRoot = "";
			targets = (
				521E5FA82661118A0040ED72 /* FitnessApp */,
			);
		};
/* End PBXProject section */

/* Begin PBXResourcesBuildPhase section */
		521E5FA72661118A0040ED72 /* Resources */ = {
			isa = PBXResourcesBuildPhase;
			buildActionMask = 2147483647;
			files = (
				521E5FB92661118E0040ED72 /* LaunchScreen.storyboard in Resources */,
				521E5FB62661118E0040ED72 /* Assets.xcassets in Resources */,
				521E5FB42661118A0040ED72 /* Main.storyboard in Resources */,
			);
			runOnlyForDeploymentPostprocessing = 0;
		};
/* End PBXResourcesBuildPhase section */

/* Begin PBXSourcesBuildPhase section */
		521E5FA52661118A0040ED72 /* Sources */ = {
			isa = PBXSourcesBuildPhase;
			buildActionMask = 2147483647;
			files = (
				521E5FB12661118A0040ED72 /* ViewController.swift in Sources */,
				521E5FCD266115860040ED72 /* ActivityViewController.swift in Sources */,
				521E5FD0266115C40040ED72 /* SettingsViewController.swift in Sources */,
				521E5FAD2661118A0040ED72 /* AppDelegate.swift in Sources */,
				521E5FCA266112410040ED72 /* AppCoordinator.swift in Sources */,
				521E5FD3266115E60040ED72 /* PlanViewController.swift in Sources */,
				521E5FD6266115F20040ED72 /* ProfileViewController.swift in Sources */,
				521E5FC6266112250040ED72 /* MainTabBarController.swift in Sources */,
				521E5FAF2661118A0040ED72 /* SceneDelegate.swift in Sources */,
			);
			runOnlyForDeploymentPostprocessing = 0;
		};
/* End PBXSourcesBuildPhase section */

/* Begin PBXVariantGroup section */
		521E5FB22661118A0040ED72 /* Main.storyboard */ = {
			isa = PBXVariantGroup;
			children = (
				521E5FB32661118A0040ED72 /* Base */,
			);
			name = Main.storyboard;
			sourceTree = "<group>";
		};
		521E5FB72661118E0040ED72 /* LaunchScreen.storyboard */ = {
			isa = PBXVariantGroup;
			children = (
				521E5FB82661118E0040ED72 /* Base */,
			);
			name = LaunchScreen.storyboard;
			sourceTree = "<group>";
		};
/* End PBXVariantGroup section */

/* Begin XCBuildConfiguration section */
		521E5FBB2661118E0040ED72 /* Debug */ = {
			isa = XCBuildConfiguration;
			buildSettings = {
				ALWAYS_SEARCH_USER_PATHS = NO;
				CLANG_ANALYZER_NONNULL = YES;
				CLANG_ANALYZER_NUMBER_OBJECT_CONVERSION = YES_AGGRESSIVE;
				CLANG_CXX_LANGUAGE_STANDARD = "gnu++14";
				CLANG_CXX_LIBRARY = "libc++";
				CLANG_ENABLE_MODULES = YES;
				CLANG_ENABLE_OBJC_ARC = YES;
				CLANG_ENABLE_OBJC_WEAK = YES;
				CLANG_WARN_BLOCK_CAPTURE_AUTORELEASING = YES;
				CLANG_WARN_BOOL_CONVERSION = YES;
				CLANG_WARN_COMMA = YES;
				CLANG_WARN_CONSTANT_CONVERSION = YES;
				CLANG_WARN_DEPRECATED_OBJC_IMPLEMENTATIONS = YES;
				CLANG_WARN_DIRECT_OBJC_ISA_USAGE = YES_ERROR;
				CLANG_WARN_DOCUMENTATION_COMMENTS = YES;
				CLANG_WARN_EMPTY_BODY = YES;
				CLANG_WARN_ENUM_CONVERSION = YES;
				CLANG_WARN_INFINITE_RECURSION = YES;
				CLANG_WARN_INT_CONVERSION = YES;
				CLANG_WARN_NON_LITERAL_NULL_CONVERSION = YES;
				CLANG_WARN_OBJC_IMPLICIT_RETAIN_SELF = YES;
				CLANG_WARN_OBJC_LITERAL_CONVERSION = YES;
				CLANG_WARN_OBJC_ROOT_CLASS = YES_ERROR;
				CLANG_WARN_QUOTED_INCLUDE_IN_FRAMEWORK_HEADER = YES;
				CLANG_WARN_RANGE_LOOP_ANALYSIS = YES;
				CLANG_WARN_STRICT_PROTOTYPES = YES;
				CLANG_WARN_SUSPICIOUS_MOVE = YES;
				CLANG_WARN_UNGUARDED_AVAILABILITY = YES_AGGRESSIVE;
				CLANG_WARN_UNREACHABLE_CODE = YES;
				CLANG_WARN__DUPLICATE_METHOD_MATCH = YES;
				COPY_PHASE_STRIP = NO;
				DEBUG_INFORMATION_FORMAT = dwarf;
				ENABLE_STRICT_OBJC_MSGSEND = YES;
				ENABLE_TESTABILITY = YES;
				GCC_C_LANGUAGE_STANDARD = gnu11;
				GCC_DYNAMIC_NO_PIC = NO;
				GCC_NO_COMMON_BLOCKS = YES;
				GCC_OPTIMIZATION_LEVEL = 0;
				GCC_PREPROCESSOR_DEFINITIONS = (
					"DEBUG=1",
					"$(inherited)",
				);
				GCC_WARN_64_TO_32_BIT_CONVERSION = YES;
				GCC_WARN_ABOUT_RETURN_TYPE = YES_ERROR;
				GCC_WARN_UNDECLARED_SELECTOR = YES;
				GCC_WARN_UNINITIALIZED_AUTOS = YES_AGGRESSIVE;
				GCC_WARN_UNUSED_FUNCTION = YES;
				GCC_WARN_UNUSED_VARIABLE = YES;
				IPHONEOS_DEPLOYMENT_TARGET = 14.4;
				MTL_ENABLE_DEBUG_INFO = INCLUDE_SOURCE;
				MTL_FAST_MATH = YES;
				ONLY_ACTIVE_ARCH = YES;
				SDKROOT = iphoneos;
				SWIFT_ACTIVE_COMPILATION_CONDITIONS = DEBUG;
				SWIFT_OPTIMIZATION_LEVEL = "-Onone";
			};
			name = Debug;
		};
		521E5FBC2661118E0040ED72 /* Release */ = {
			isa = XCBuildConfiguration;
			buildSettings = {
				ALWAYS_SEARCH_USER_PATHS = NO;
				CLANG_ANALYZER_NONNULL = YES;
				CLANG_ANALYZER_NUMBER_OBJECT_CONVERSION = YES_AGGRESSIVE;
				CLANG_CXX_LANGUAGE_STANDARD = "gnu++14";
				CLANG_CXX_LIBRARY = "libc++";
				CLANG_ENABLE_MODULES = YES;
				CLANG_ENABLE_OBJC_ARC = YES;
				CLANG_ENABLE_OBJC_WEAK = YES;
				CLANG_WARN_BLOCK_CAPTURE_AUTORELEASING = YES;
				CLANG_WARN_BOOL_CONVERSION = YES;
				CLANG_WARN_COMMA = YES;
				CLANG_WARN_CONSTANT_CONVERSION = YES;
				CLANG_WARN_DEPRECATED_OBJC_IMPLEMENTATIONS = YES;
				CLANG_WARN_DIRECT_OBJC_ISA_USAGE = YES_ERROR;
				CLANG_WARN_DOCUMENTATION_COMMENTS = YES;
				CLANG_WARN_EMPTY_BODY = YES;
				CLANG_WARN_ENUM_CONVERSION = YES;
				CLANG_WARN_INFINITE_RECURSION = YES;
				CLANG_WARN_INT_CONVERSION = YES;
				CLANG_WARN_NON_LITERAL_NULL_CONVERSION = YES;
				CLANG_WARN_OBJC_IMPLICIT_RETAIN_SELF = YES;
				CLANG_WARN_OBJC_LITERAL_CONVERSION = YES;
				CLANG_WARN_OBJC_ROOT_CLASS = YES_ERROR;
				CLANG_WARN_QUOTED_INCLUDE_IN_FRAMEWORK_HEADER = YES;
				CLANG_WARN_RANGE_LOOP_ANALYSIS = YES;
				CLANG_WARN_STRICT_PROTOTYPES = YES;
				CLANG_WARN_SUSPICIOUS_MOVE = YES;
				CLANG_WARN_UNGUARDED_AVAILABILITY = YES_AGGRESSIVE;
				CLANG_WARN_UNREACHABLE_CODE = YES;
				CLANG_WARN__DUPLICATE_METHOD_MATCH = YES;
				COPY_PHASE_STRIP = NO;
				DEBUG_INFORMATION_FORMAT = "dwarf-with-dsym";
				ENABLE_NS_ASSERTIONS = NO;
				ENABLE_STRICT_OBJC_MSGSEND = YES;
				GCC_C_LANGUAGE_STANDARD = gnu11;
				GCC_NO_COMMON_BLOCKS = YES;
				GCC_WARN_64_TO_32_BIT_CONVERSION = YES;
				GCC_WARN_ABOUT_RETURN_TYPE = YES_ERROR;
				GCC_WARN_UNDECLARED_SELECTOR = YES;
				GCC_WARN_UNINITIALIZED_AUTOS = YES_AGGRESSIVE;
				GCC_WARN_UNUSED_FUNCTION = YES;
				GCC_WARN_UNUSED_VARIABLE = YES;
				IPHONEOS_DEPLOYMENT_TARGET = 14.4;
				MTL_ENABLE_DEBUG_INFO = NO;
				MTL_FAST_MATH = YES;
				SDKROOT = iphoneos;
				SWIFT_COMPILATION_MODE = wholemodule;
				SWIFT_OPTIMIZATION_LEVEL = "-O";
				VALIDATE_PRODUCT = YES;
			};
			name = Release;
		};
		521E5FBE2661118E0040ED72 /* Debug */ = {
			isa = XCBuildConfiguration;
			buildSettings = {
				ASSETCATALOG_COMPILER_APPICON_NAME = AppIcon;
				ASSETCATALOG_COMPILER_GLOBAL_ACCENT_COLOR_NAME = AccentColor;
				CODE_SIGN_STYLE = Automatic;
				DEVELOPMENT_TEAM = RWU4M8Y9HU;
				INFOPLIST_FILE = FitnessApp/Info.plist;
				LD_RUNPATH_SEARCH_PATHS = (
					"$(inherited)",
					"@executable_path/Frameworks",
				);
				PRODUCT_BUNDLE_IDENTIFIER = Kostatyyy.FitnessApp;
				PRODUCT_NAME = "$(TARGET_NAME)";
				SWIFT_VERSION = 5.0;
				TARGETED_DEVICE_FAMILY = "1,2";
			};
			name = Debug;
		};
		521E5FBF2661118E0040ED72 /* Release */ = {
			isa = XCBuildConfiguration;
			buildSettings = {
				ASSETCATALOG_COMPILER_APPICON_NAME = AppIcon;
				ASSETCATALOG_COMPILER_GLOBAL_ACCENT_COLOR_NAME = AccentColor;
				CODE_SIGN_STYLE = Automatic;
				DEVELOPMENT_TEAM = RWU4M8Y9HU;
				INFOPLIST_FILE = FitnessApp/Info.plist;
				LD_RUNPATH_SEARCH_PATHS = (
					"$(inherited)",
					"@executable_path/Frameworks",
				);
				PRODUCT_BUNDLE_IDENTIFIER = Kostatyyy.FitnessApp;
				PRODUCT_NAME = "$(TARGET_NAME)";
				SWIFT_VERSION = 5.0;
				TARGETED_DEVICE_FAMILY = "1,2";
			};
			name = Release;
		};
/* End XCBuildConfiguration section */

/* Begin XCConfigurationList section */
		521E5FA42661118A0040ED72 /* Build configuration list for PBXProject "FitnessApp" */ = {
			isa = XCConfigurationList;
			buildConfigurations = (
				521E5FBB2661118E0040ED72 /* Debug */,
				521E5FBC2661118E0040ED72 /* Release */,
			);
			defaultConfigurationIsVisible = 0;
			defaultConfigurationName = Release;
		};
		521E5FBD2661118E0040ED72 /* Build configuration list for PBXNativeTarget "FitnessApp" */ = {
			isa = XCConfigurationList;
			buildConfigurations = (
				521E5FBE2661118E0040ED72 /* Debug */,
				521E5FBF2661118E0040ED72 /* Release */,
			);
			defaultConfigurationIsVisible = 0;
			defaultConfigurationName = Release;
		};
/* End XCConfigurationList section */
	};
	rootObject = 521E5FA12661118A0040ED72 /* Project object */;
}
